
Microsoft Visual Studio Solution File, Format Version 12.00
# Visual Studio Version 16
VisualStudioVersion = 16.0.30621.155
MinimumVisualStudioVersion = 10.0.40219.1
Project("{FAE04EC0-301F-11D3-BF4B-00C04F79EFBC}") = "Sample1.Android", "Sample1.Android\Sample1.Android.csproj", "{8CACC198-F88A-436E-BD73-FFB244BE3764}"
EndProject
Project("{FAE04EC0-301F-11D3-BF4B-00C04F79EFBC}") = "Sample1.iOS", "Sample1.iOS\Sample1.iOS.csproj", "{9D1F3A68-8172-419A-A1DB-AAE06DA62FD1}"
EndProject
Project("{FAE04EC0-301F-11D3-BF4B-00C04F79EFBC}") = "Sample1", "Sample1\Sample1.csproj", "{6E113D39-8030-4404-AD77-0BF601004978}"
EndProject
Global
	GlobalSection(SolutionConfigurationPlatforms) = preSolution
		Debug|Any CPU = Debug|Any CPU
		Debug|iPhone = Debug|iPhone
		Debug|iPhoneSimulator = Debug|iPhoneSimulator
		Release|Any CPU = Release|Any CPU
		Release|iPhone = Release|iPhone
		Release|iPhoneSimulator = Release|iPhoneSimulator
	EndGlobalSection
	GlobalSection(ProjectConfigurationPlatforms) = postSolution
		{8CACC198-F88A-436E-BD73-FFB244BE3764}.Debug|Any CPU.ActiveCfg = Debug|Any CPU
		{8CACC198-F88A-436E-BD73-FFB244BE3764}.Debug|Any CPU.Build.0 = Debug|Any CPU
		{8CACC198-F88A-436E-BD73-FFB244BE3764}.Debug|Any CPU.Deploy.0 = Debug|Any CPU
		{8CACC198-F88A-436E-BD73-FFB244BE3764}.Debug|iPhone.ActiveCfg = Debug|Any CPU
		{8CACC198-F88A-436E-BD73-FFB244BE3764}.Debug|iPhone.Build.0 = Debug|Any CPU
		{8CACC198-F88A-436E-BD73-FFB244BE3764}.Debug|iPhone.Deploy.0 = Debug|Any CPU
		{8CACC198-F88A-436E-BD73-FFB244BE3764}.Debug|iPhoneSimulator.ActiveCfg = Debug|Any CPU
		{8CACC198-F88A-436E-BD73-FFB244BE3764}.Debug|iPhoneSimulator.Build.0 = Debug|Any CPU
		{8CACC198-F88A-436E-BD73-FFB244BE3764}.Debug|iPhoneSimulator.Deploy.0 = Debug|Any CPU
		{8CACC198-F88A-436E-BD73-FFB244BE3764}.Release|Any CPU.ActiveCfg = Release|Any CPU
		{8CACC198-F88A-436E-BD73-FFB244BE3764}.Release|Any CPU.Build.0 = Release|Any CPU
		{8CACC198-F88A-436E-BD73-FFB244BE3764}.Release|Any CPU.Deploy.0 = Release|Any CPU
		{8CACC198-F88A-436E-BD73-FFB244BE3764}.Release|iPhone.ActiveCfg = Release|Any CPU
		{8CACC198-F88A-436E-BD73-FFB244BE3764}.Release|iPhone.Build.0 = Release|Any CPU
		{8CACC198-F88A-436E-BD73-FFB244BE3764}.Release|iPhone.Deploy.0 = Release|Any CPU
		{8CACC198-F88A-436E-BD73-FFB244BE3764}.Release|iPhoneSimulator.ActiveCfg = Release|Any CPU
		{8CACC198-F88A-436E-BD73-FFB244BE3764}.Release|iPhoneSimulator.Build.0 = Release|Any CPU
		{8CACC198-F88A-436E-BD73-FFB244BE3764}.Release|iPhoneSimulator.Deploy.0 = Release|Any CPU
		{9D1F3A68-8172-419A-A1DB-AAE06DA62FD1}.Debug|Any CPU.ActiveCfg = Debug|iPhone
		{9D1F3A68-8172-419A-A1DB-AAE06DA62FD1}.Debug|Any CPU.Build.0 = Debug|iPhone
		{9D1F3A68-8172-419A-A1DB-AAE06DA62FD1}.Debug|Any CPU.Deploy.0 = Debug|iPhone
		{9D1F3A68-8172-419A-A1DB-AAE06DA62FD1}.Debug|iPhone.ActiveCfg = Debug|iPhone
		{9D1F3A68-8172-419A-A1DB-AAE06DA62FD1}.Debug|iPhone.Build.0 = Debug|iPhone
		{9D1F3A68-8172-419A-A1DB-AAE06DA62FD1}.Debug|iPhone.Deploy.0 = Debug|iPhone
		{9D1F3A68-8172-419A-A1DB-AAE06DA62FD1}.Debug|iPhoneSimulator.ActiveCfg = Debug|iPhoneSimulator
		{9D1F3A68-8172-419A-A1DB-AAE06DA62FD1}.Debug|iPhoneSimulator.Build.0 = Debug|iPhoneSimulator
		{9D1F3A68-8172-419A-A1DB-AAE06DA62FD1}.Debug|iPhoneSimulator.Deploy.0 = Debug|iPhoneSimulator
		{9D1F3A68-8172-419A-A1DB-AAE06DA62FD1}.Release|Any CPU.ActiveCfg = Release|iPhoneSimulator
		{9D1F3A68-8172-419A-A1DB-AAE06DA62FD1}.Release|Any CPU.Build.0 = Release|iPhoneSimulator
		{9D1F3A68-8172-419A-A1DB-AAE06DA62FD1}.Release|Any CPU.Deploy.0 = Release|iPhoneSimulator
		{9D1F3A68-8172-419A-A1DB-AAE06DA62FD1}.Release|iPhone.ActiveCfg = Release|iPhone
		{9D1F3A68-8172-419A-A1DB-AAE06DA62FD1}.Release|iPhone.Build.0 = Release|iPhone
		{9D1F3A68-8172-419A-A1DB-AAE06DA62FD1}.Release|iPhone.Deploy.0 = Release|iPhone
		{9D1F3A68-8172-419A-A1DB-AAE06DA62FD1}.Release|iPhoneSimulator.ActiveCfg = Release|iPhoneSimulator
		{9D1F3A68-8172-419A-A1DB-AAE06DA62FD1}.Release|iPhoneSimulator.Build.0 = Release|iPhoneSimulator
		{9D1F3A68-8172-419A-A1DB-AAE06DA62FD1}.Release|iPhoneSimulator.Deploy.0 = Release|iPhoneSimulator
		{6E113D39-8030-4404-AD77-0BF601004978}.Debug|Any CPU.ActiveCfg = Debug|Any CPU
		{6E113D39-8030-4404-AD77-0BF601004978}.Debug|Any CPU.Build.0 = Debug|Any CPU
		{6E113D39-8030-4404-AD77-0BF601004978}.Debug|Any CPU.Deploy.0 = Debug|Any CPU
		{6E113D39-8030-4404-AD77-0BF601004978}.Debug|iPhone.ActiveCfg = Debug|Any CPU
		{6E113D39-8030-4404-AD77-0BF601004978}.Debug|iPhone.Build.0 = Debug|Any CPU
		{6E113D39-8030-4404-AD77-0BF601004978}.Debug|iPhone.Deploy.0 = Debug|Any CPU
		{6E113D39-8030-4404-AD77-0BF601004978}.Debug|iPhoneSimulator.ActiveCfg = Debug|Any CPU
		{6E113D39-8030-4404-AD77-0BF601004978}.Debug|iPhoneSimulator.Build.0 = Debug|Any CPU
		{6E113D39-8030-4404-AD77-0BF601004978}.Debug|iPhoneSimulator.Deploy.0 = Debug|Any CPU
		{6E113D39-8030-4404-AD77-0BF601004978}.Release|Any CPU.ActiveCfg = Release|Any CPU
		{6E113D39-8030-4404-AD77-0BF601004978}.Release|Any CPU.Build.0 = Release|Any CPU
		{6E113D39-8030-4404-AD77-0BF601004978}.Release|Any CPU.Deploy.0 = Release|Any CPU
		{6E113D39-8030-4404-AD77-0BF601004978}.Release|iPhone.ActiveCfg = Release|Any CPU
		{6E113D39-8030-4404-AD77-0BF601004978}.Release|iPhone.Build.0 = Release|Any CPU
		{6E113D39-8030-4404-AD77-0BF601004978}.Release|iPhone.Deploy.0 = Release|Any CPU
		{6E113D39-8030-4404-AD77-0BF601004978}.Release|iPhoneSimulator.ActiveCfg = Release|Any CPU
		{6E113D39-8030-4404-AD77-0BF601004978}.Release|iPhoneSimulator.Build.0 = Release|Any CPU
		{6E113D39-8030-4404-AD77-0BF601004978}.Release|iPhoneSimulator.Deploy.0 = Release|Any CPU
	EndGlobalSection
	GlobalSection(SolutionProperties) = preSolution
		HideSolutionNode = FALSE
	EndGlobalSection
	GlobalSection(ExtensibilityGlobals) = postSolution
		SolutionGuid = {B897E8D3-6014-47AC-996E-AD14E83038F1}
	EndGlobalSection
EndGlobal
